
Microsoft Visual Studio Solution File, Format Version 12.00
# Visual Studio Version 17
VisualStudioVersion = 17.5.33530.505
MinimumVisualStudioVersion = 10.0.40219.1
Project("{FAE04EC0-301F-11D3-BF4B-00C04F79EFBC}") = "Trello_REST_API_RestSharp", "Trello_REST_API_RestSharp\Trello_REST_API_RestSharp.csproj", "{AD4E1A23-7EB1-435B-A7CE-4BF72F03195C}"
EndProject
Global
	GlobalSection(SolutionConfigurationPlatforms) = preSolution
		Debug|Any CPU = Debug|Any CPU
		Release|Any CPU = Release|Any CPU
	EndGlobalSection
	GlobalSection(ProjectConfigurationPlatforms) = postSolution
		{AD4E1A23-7EB1-435B-A7CE-4BF72F03195C}.Debug|Any CPU.ActiveCfg = Debug|Any CPU
		{AD4E1A23-7EB1-435B-A7CE-4BF72F03195C}.Debug|Any CPU.Build.0 = Debug|Any CPU
		{AD4E1A23-7EB1-435B-A7CE-4BF72F03195C}.Release|Any CPU.ActiveCfg = Release|Any CPU
		{AD4E1A23-7EB1-435B-A7CE-4BF72F03195C}.Release|Any CPU.Build.0 = Release|Any CPU
	EndGlobalSection
	GlobalSection(SolutionProperties) = preSolution
		HideSolutionNode = FALSE
	EndGlobalSection
	GlobalSection(ExtensibilityGlobals) = postSolution
		SolutionGuid = {22D244F7-A209-4C07-B777-5036297F056C}
	EndGlobalSection
EndGlobal
